{
  "nodes": {
    "nixpkgs": {
      "locked": {
        "lastModified": 1691421349,
        "narHash": "sha256-RRJyX0CUrs4uW4gMhd/X4rcDG8PTgaaCQM5rXEJOx6g=",
        "owner": "NixOS",
        "repo": "nixpkgs",
        "rev": "011567f35433879aae5024fc6ec53f2a0568a6c4",
        "type": "github"
      },
      "original": {
        "owner": "NixOS",
        "ref": "nixos-23.05",
        "repo": "nixpkgs",
        "type": "github"
      }
    },
    "root": {
      "inputs": {
        "nixpkgs": "nixpkgs",
        "rust-overlay": "rust-overlay"
      }
    },
    "rust-overlay": {
      "inputs": {
        "nixpkgs": [
          "nixpkgs"
        ]
      },
      "locked": {
        "lastModified": 1719281921,
        "narHash": "sha256-LIBMfhM9pMOlEvBI757GOK5l0R58SRi6YpwfYMbf4yc=",
        "owner": "oxalica",
        "repo": "rust-overlay",
        "rev": "b6032d3a404d8a52ecfc8571ff0c26dfbe221d07",
        "type": "github"
      },
      "original": {
        "owner": "oxalica",
        "repo": "rust-overlay",
        "type": "github"
      }
    }
  },
  "root": "root",
  "version": 7
}
