{
  "nodes": {
    "nixpkgs": {
      "locked": {
        "lastModified": 1750646418,
        "narHash": "sha256-4UAN+W0Lp4xnUiHYXUXAPX18t+bn6c4Btry2RqM9JHY=",
        "owner": "NixOS",
        "repo": "nixpkgs",
        "rev": "1f426f65ac4e6bf808923eb6f8b8c2bfba3d18c5",
        "type": "github"
      },
      "original": {
        "owner": "NixOS",
        "ref": "nixos-24.11",
        "repo": "nixpkgs",
        "type": "github"
      }
    },
    "root": {
      "inputs": {
        "nixpkgs": "nixpkgs",
        "rust-overlay": "rust-overlay"
      }
    },
    "rust-overlay": {
      "inputs": {
        "nixpkgs": [
          "nixpkgs"
        ]
      },
      "locked": {
        "lastModified": 1750819193,
        "narHash": "sha256-XvkupGPZqD54HuKhN/2WhbKjAHeTl1UEnWspzUzRFfA=",
        "owner": "oxalica",
        "repo": "rust-overlay",
        "rev": "1ba3b9c59b68a4b00156827ad46393127b51b808",
        "type": "github"
      },
      "original": {
        "owner": "oxalica",
        "repo": "rust-overlay",
        "type": "github"
      }
    }
  },
  "root": "root",
  "version": 7
}
